
Microsoft Visual Studio Solution File, Format Version 12.00
# Visual Studio 15
VisualStudioVersion = 15.0.28010.2050
MinimumVisualStudioVersion = 10.0.40219.1
Project("{FAE04EC0-301F-11D3-BF4B-00C04F79EFBC}") = "FRAWPF", "FRAWPF.csproj", "{EEF021DD-60C1-496E-9143-33398E5BA6E9}"
EndProject
Global
	GlobalSection(SolutionConfigurationPlatforms) = preSolution
		Debug|Any CPU = Debug|Any CPU
		Release|Any CPU = Release|Any CPU
	EndGlobalSection
	GlobalSection(ProjectConfigurationPlatforms) = postSolution
		{EEF021DD-60C1-496E-9143-33398E5BA6E9}.Debug|Any CPU.ActiveCfg = Debug|Any CPU
		{EEF021DD-60C1-496E-9143-33398E5BA6E9}.Debug|Any CPU.Build.0 = Debug|Any CPU
		{EEF021DD-60C1-496E-9143-33398E5BA6E9}.Release|Any CPU.ActiveCfg = Release|Any CPU
		{EEF021DD-60C1-496E-9143-33398E5BA6E9}.Release|Any CPU.Build.0 = Release|Any CPU
	EndGlobalSection
	GlobalSection(SolutionProperties) = preSolution
		HideSolutionNode = FALSE
	EndGlobalSection
	GlobalSection(ExtensibilityGlobals) = postSolution
		SolutionGuid = {34E6D6F0-E49F-4033-8CB9-33DD505218CD}
	EndGlobalSection
EndGlobal
